// !$*UTF8*$!
{
	archiveVersion = 1;
	classes = {
	};
	objectVersion = 56;
	objects = {

/* Begin PBXBuildFile section */
		2602478C2A82D91A007EA7BB /* EssentialFeedApp.swift in Sources */ = {isa = PBXBuildFile; fileRef = 2602478B2A82D91A007EA7BB /* EssentialFeedApp.swift */; };
		2602478E2A82D91A007EA7BB /* ContentView.swift in Sources */ = {isa = PBXBuildFile; fileRef = 2602478D2A82D91A007EA7BB /* ContentView.swift */; };
		260247902A82D91C007EA7BB /* Assets.xcassets in Resources */ = {isa = PBXBuildFile; fileRef = 2602478F2A82D91C007EA7BB /* Assets.xcassets */; };
		260247942A82D91C007EA7BB /* Preview Assets.xcassets in Resources */ = {isa = PBXBuildFile; fileRef = 260247932A82D91C007EA7BB /* Preview Assets.xcassets */; };
		262C0C532A93FC71003EE393 /* XCTestCase+MemoryLeakTracking.swift in Sources */ = {isa = PBXBuildFile; fileRef = 262C0C522A93FC71003EE393 /* XCTestCase+MemoryLeakTracking.swift */; };
		268A28812A92694C008958B3 /* URLSessionHTTPClientTests.swift in Sources */ = {isa = PBXBuildFile; fileRef = 268A28802A92694C008958B3 /* URLSessionHTTPClientTests.swift */; };
		268FDEC22A8C1D670057C976 /* HTTPClient.swift in Sources */ = {isa = PBXBuildFile; fileRef = 268FDEC12A8C1D670057C976 /* HTTPClient.swift */; };
		268FDEC42A8C1DE30057C976 /* FeedItemsMapper.swift in Sources */ = {isa = PBXBuildFile; fileRef = 268FDEC32A8C1DE30057C976 /* FeedItemsMapper.swift */; };
		26A2F96A2A95383E0080869E /* URLSessionHTTPClient.swift in Sources */ = {isa = PBXBuildFile; fileRef = 26A2F9692A95383E0080869E /* URLSessionHTTPClient.swift */; };
		26B8EAE02A95423400B6AABD /* EssentialFeedAPIEndToEndTests.swift in Sources */ = {isa = PBXBuildFile; fileRef = 26B8EADF2A95423400B6AABD /* EssentialFeedAPIEndToEndTests.swift */; };
		26C66B352A82DC940094F0FF /* FeedItem.swift in Sources */ = {isa = PBXBuildFile; fileRef = 26C66B342A82DC940094F0FF /* FeedItem.swift */; };
		26C66B372A82DCE20094F0FF /* FeedLoader.swift in Sources */ = {isa = PBXBuildFile; fileRef = 26C66B362A82DCE20094F0FF /* FeedLoader.swift */; };
		26C66B392A82DDFE0094F0FF /* RemoteFeedLoaderTests.swift in Sources */ = {isa = PBXBuildFile; fileRef = 26C66B382A82DDFE0094F0FF /* RemoteFeedLoaderTests.swift */; };
		26C66B3C2A82EBC40094F0FF /* RemoteFeedLoader.swift in Sources */ = {isa = PBXBuildFile; fileRef = 26C66B3B2A82EBC40094F0FF /* RemoteFeedLoader.swift */; };
/* End PBXBuildFile section */

/* Begin PBXContainerItemProxy section */
		2602479A2A82D91D007EA7BB /* PBXContainerItemProxy */ = {
			isa = PBXContainerItemProxy;
			containerPortal = 260247802A82D919007EA7BB /* Project object */;
			proxyType = 1;
			remoteGlobalIDString = 260247872A82D919007EA7BB;
			remoteInfo = EssentialFeed;
		};
		26B8EAE12A95423400B6AABD /* PBXContainerItemProxy */ = {
			isa = PBXContainerItemProxy;
			containerPortal = 260247802A82D919007EA7BB /* Project object */;
			proxyType = 1;
			remoteGlobalIDString = 260247872A82D919007EA7BB;
			remoteInfo = EssentialFeed;
		};
/* End PBXContainerItemProxy section */

/* Begin PBXFileReference section */
		260247882A82D919007EA7BB /* EssentialFeed.app */ = {isa = PBXFileReference; explicitFileType = wrapper.application; includeInIndex = 0; path = EssentialFeed.app; sourceTree = BUILT_PRODUCTS_DIR; };
		2602478B2A82D91A007EA7BB /* EssentialFeedApp.swift */ = {isa = PBXFileReference; lastKnownFileType = sourcecode.swift; path = EssentialFeedApp.swift; sourceTree = "<group>"; };
		2602478D2A82D91A007EA7BB /* ContentView.swift */ = {isa = PBXFileReference; lastKnownFileType = sourcecode.swift; path = ContentView.swift; sourceTree = "<group>"; };
		2602478F2A82D91C007EA7BB /* Assets.xcassets */ = {isa = PBXFileReference; lastKnownFileType = folder.assetcatalog; path = Assets.xcassets; sourceTree = "<group>"; };
		260247912A82D91C007EA7BB /* EssentialFeed.entitlements */ = {isa = PBXFileReference; lastKnownFileType = text.plist.entitlements; path = EssentialFeed.entitlements; sourceTree = "<group>"; };
		260247932A82D91C007EA7BB /* Preview Assets.xcassets */ = {isa = PBXFileReference; lastKnownFileType = folder.assetcatalog; path = "Preview Assets.xcassets"; sourceTree = "<group>"; };
		260247992A82D91D007EA7BB /* EssentialFeedTests.xctest */ = {isa = PBXFileReference; explicitFileType = wrapper.cfbundle; includeInIndex = 0; path = EssentialFeedTests.xctest; sourceTree = BUILT_PRODUCTS_DIR; };
		262C0C522A93FC71003EE393 /* XCTestCase+MemoryLeakTracking.swift */ = {isa = PBXFileReference; lastKnownFileType = sourcecode.swift; path = "XCTestCase+MemoryLeakTracking.swift"; sourceTree = "<group>"; };
		268A28802A92694C008958B3 /* URLSessionHTTPClientTests.swift */ = {isa = PBXFileReference; lastKnownFileType = sourcecode.swift; path = URLSessionHTTPClientTests.swift; sourceTree = "<group>"; };
		268FDEC12A8C1D670057C976 /* HTTPClient.swift */ = {isa = PBXFileReference; lastKnownFileType = sourcecode.swift; path = HTTPClient.swift; sourceTree = "<group>"; };
		268FDEC32A8C1DE30057C976 /* FeedItemsMapper.swift */ = {isa = PBXFileReference; lastKnownFileType = sourcecode.swift; path = FeedItemsMapper.swift; sourceTree = "<group>"; };
		26A2F9692A95383E0080869E /* URLSessionHTTPClient.swift */ = {isa = PBXFileReference; lastKnownFileType = sourcecode.swift; path = URLSessionHTTPClient.swift; sourceTree = "<group>"; };
		26B8EADD2A95423400B6AABD /* EssentialFeedAPIEndToEndTests.xctest */ = {isa = PBXFileReference; explicitFileType = wrapper.cfbundle; includeInIndex = 0; path = EssentialFeedAPIEndToEndTests.xctest; sourceTree = BUILT_PRODUCTS_DIR; };
		26B8EADF2A95423400B6AABD /* EssentialFeedAPIEndToEndTests.swift */ = {isa = PBXFileReference; lastKnownFileType = sourcecode.swift; path = EssentialFeedAPIEndToEndTests.swift; sourceTree = "<group>"; };
		26BA9DF42A964CA000E5214D /* Info.plist */ = {isa = PBXFileReference; lastKnownFileType = text.plist; path = Info.plist; sourceTree = "<group>"; };
		26BA9DF52A9656E000E5214D /* Info.plist */ = {isa = PBXFileReference; lastKnownFileType = text.plist; path = Info.plist; sourceTree = "<group>"; };
		26C66B342A82DC940094F0FF /* FeedItem.swift */ = {isa = PBXFileReference; lastKnownFileType = sourcecode.swift; path = FeedItem.swift; sourceTree = "<group>"; };
		26C66B362A82DCE20094F0FF /* FeedLoader.swift */ = {isa = PBXFileReference; lastKnownFileType = sourcecode.swift; path = FeedLoader.swift; sourceTree = "<group>"; };
		26C66B382A82DDFE0094F0FF /* RemoteFeedLoaderTests.swift */ = {isa = PBXFileReference; lastKnownFileType = sourcecode.swift; path = RemoteFeedLoaderTests.swift; sourceTree = "<group>"; };
		26C66B3B2A82EBC40094F0FF /* RemoteFeedLoader.swift */ = {isa = PBXFileReference; lastKnownFileType = sourcecode.swift; path = RemoteFeedLoader.swift; sourceTree = "<group>"; };
/* End PBXFileReference section */

/* Begin PBXFrameworksBuildPhase section */
		260247852A82D919007EA7BB /* Frameworks */ = {
			isa = PBXFrameworksBuildPhase;
			buildActionMask = 2147483647;
			files = (
			);
			runOnlyForDeploymentPostprocessing = 0;
		};
		260247962A82D91D007EA7BB /* Frameworks */ = {
			isa = PBXFrameworksBuildPhase;
			buildActionMask = 2147483647;
			files = (
			);
			runOnlyForDeploymentPostprocessing = 0;
		};
		26B8EADA2A95423400B6AABD /* Frameworks */ = {
			isa = PBXFrameworksBuildPhase;
			buildActionMask = 2147483647;
			files = (
			);
			runOnlyForDeploymentPostprocessing = 0;
		};
/* End PBXFrameworksBuildPhase section */

/* Begin PBXGroup section */
		2602477F2A82D919007EA7BB = {
			isa = PBXGroup;
			children = (
				2602478A2A82D91A007EA7BB /* EssentialFeed */,
				2602479C2A82D91D007EA7BB /* EssentialFeedTests */,
				26B8EADE2A95423400B6AABD /* EssentialFeedAPIEndToEndTests */,
				260247892A82D919007EA7BB /* Products */,
			);
			sourceTree = "<group>";
		};
		260247892A82D919007EA7BB /* Products */ = {
			isa = PBXGroup;
			children = (
				260247882A82D919007EA7BB /* EssentialFeed.app */,
				260247992A82D91D007EA7BB /* EssentialFeedTests.xctest */,
				26B8EADD2A95423400B6AABD /* EssentialFeedAPIEndToEndTests.xctest */,
			);
			name = Products;
			sourceTree = "<group>";
		};
		2602478A2A82D91A007EA7BB /* EssentialFeed */ = {
			isa = PBXGroup;
			children = (
				26BA9DF42A964CA000E5214D /* Info.plist */,
				260247912A82D91C007EA7BB /* EssentialFeed.entitlements */,
				2602478D2A82D91A007EA7BB /* ContentView.swift */,
				2602478B2A82D91A007EA7BB /* EssentialFeedApp.swift */,
				2602478F2A82D91C007EA7BB /* Assets.xcassets */,
				26C66B3A2A82EBA60094F0FF /* FeedAPI */,
				26C66B332A82DC4D0094F0FF /* FeedFeature */,
				260247922A82D91C007EA7BB /* Preview Content */,
			);
			path = EssentialFeed;
			sourceTree = "<group>";
		};
		260247922A82D91C007EA7BB /* Preview Content */ = {
			isa = PBXGroup;
			children = (
				260247932A82D91C007EA7BB /* Preview Assets.xcassets */,
			);
			path = "Preview Content";
			sourceTree = "<group>";
		};
		2602479C2A82D91D007EA7BB /* EssentialFeedTests */ = {
			isa = PBXGroup;
			children = (
				268FDEC52A8C28290057C976 /* FeedAPI */,
			);
			path = EssentialFeedTests;
			sourceTree = "<group>";
		};
		262C0C512A93FC1F003EE393 /* Helpers */ = {
			isa = PBXGroup;
			children = (
				262C0C522A93FC71003EE393 /* XCTestCase+MemoryLeakTracking.swift */,
			);
			path = Helpers;
			sourceTree = "<group>";
		};
		268FDEC52A8C28290057C976 /* FeedAPI */ = {
			isa = PBXGroup;
			children = (
				26C66B382A82DDFE0094F0FF /* RemoteFeedLoaderTests.swift */,
				268A28802A92694C008958B3 /* URLSessionHTTPClientTests.swift */,
				262C0C512A93FC1F003EE393 /* Helpers */,
			);
			path = FeedAPI;
			sourceTree = "<group>";
		};
		26B8EADE2A95423400B6AABD /* EssentialFeedAPIEndToEndTests */ = {
			isa = PBXGroup;
			children = (
				26BA9DF52A9656E000E5214D /* Info.plist */,
				26B8EADF2A95423400B6AABD /* EssentialFeedAPIEndToEndTests.swift */,
			);
			path = EssentialFeedAPIEndToEndTests;
			sourceTree = "<group>";
		};
		26C66B332A82DC4D0094F0FF /* FeedFeature */ = {
			isa = PBXGroup;
			children = (
				26C66B342A82DC940094F0FF /* FeedItem.swift */,
				26C66B362A82DCE20094F0FF /* FeedLoader.swift */,
			);
			path = FeedFeature;
			sourceTree = "<group>";
		};
		26C66B3A2A82EBA60094F0FF /* FeedAPI */ = {
			isa = PBXGroup;
			children = (
				26C66B3B2A82EBC40094F0FF /* RemoteFeedLoader.swift */,
				268FDEC32A8C1DE30057C976 /* FeedItemsMapper.swift */,
				268FDEC12A8C1D670057C976 /* HTTPClient.swift */,
				26A2F9692A95383E0080869E /* URLSessionHTTPClient.swift */,
			);
			path = FeedAPI;
			sourceTree = "<group>";
		};
/* End PBXGroup section */

/* Begin PBXNativeTarget section */
		260247872A82D919007EA7BB /* EssentialFeed */ = {
			isa = PBXNativeTarget;
			buildConfigurationList = 260247AD2A82D91D007EA7BB /* Build configuration list for PBXNativeTarget "EssentialFeed" */;
			buildPhases = (
				260247842A82D919007EA7BB /* Sources */,
				260247852A82D919007EA7BB /* Frameworks */,
				260247862A82D919007EA7BB /* Resources */,
			);
			buildRules = (
			);
			dependencies = (
			);
			name = EssentialFeed;
			productName = EssentialFeed;
			productReference = 260247882A82D919007EA7BB /* EssentialFeed.app */;
			productType = "com.apple.product-type.application";
		};
		260247982A82D91D007EA7BB /* EssentialFeedTests */ = {
			isa = PBXNativeTarget;
			buildConfigurationList = 260247B02A82D91D007EA7BB /* Build configuration list for PBXNativeTarget "EssentialFeedTests" */;
			buildPhases = (
				260247952A82D91D007EA7BB /* Sources */,
				260247962A82D91D007EA7BB /* Frameworks */,
				260247972A82D91D007EA7BB /* Resources */,
			);
			buildRules = (
			);
			dependencies = (
				2602479B2A82D91D007EA7BB /* PBXTargetDependency */,
			);
			name = EssentialFeedTests;
			productName = EssentialFeedTests;
			productReference = 260247992A82D91D007EA7BB /* EssentialFeedTests.xctest */;
			productType = "com.apple.product-type.bundle.unit-test";
		};
		26B8EADC2A95423400B6AABD /* EssentialFeedAPIEndToEndTests */ = {
			isa = PBXNativeTarget;
			buildConfigurationList = 26B8EAE32A95423400B6AABD /* Build configuration list for PBXNativeTarget "EssentialFeedAPIEndToEndTests" */;
			buildPhases = (
				26B8EAD92A95423400B6AABD /* Sources */,
				26B8EADA2A95423400B6AABD /* Frameworks */,
				26B8EADB2A95423400B6AABD /* Resources */,
			);
			buildRules = (
			);
			dependencies = (
				26B8EAE22A95423400B6AABD /* PBXTargetDependency */,
			);
			name = EssentialFeedAPIEndToEndTests;
			productName = EssentialFeedAPIEndToEndTests;
			productReference = 26B8EADD2A95423400B6AABD /* EssentialFeedAPIEndToEndTests.xctest */;
			productType = "com.apple.product-type.bundle.unit-test";
		};
/* End PBXNativeTarget section */

/* Begin PBXProject section */
		260247802A82D919007EA7BB /* Project object */ = {
			isa = PBXProject;
			attributes = {
				BuildIndependentTargetsInParallel = 1;
				LastSwiftUpdateCheck = 1420;
				LastUpgradeCheck = 1420;
				TargetAttributes = {
					260247872A82D919007EA7BB = {
						CreatedOnToolsVersion = 14.2;
					};
					260247982A82D91D007EA7BB = {
						CreatedOnToolsVersion = 14.2;
						TestTargetID = 260247872A82D919007EA7BB;
					};
					26B8EADC2A95423400B6AABD = {
						CreatedOnToolsVersion = 14.2;
						TestTargetID = 260247872A82D919007EA7BB;
					};
				};
			};
			buildConfigurationList = 260247832A82D919007EA7BB /* Build configuration list for PBXProject "EssentialFeed" */;
			compatibilityVersion = "Xcode 14.0";
			developmentRegion = en;
			hasScannedForEncodings = 0;
			knownRegions = (
				en,
				Base,
			);
			mainGroup = 2602477F2A82D919007EA7BB;
			productRefGroup = 260247892A82D919007EA7BB /* Products */;
			projectDirPath = "";
			projectRoot = "";
			targets = (
				260247872A82D919007EA7BB /* EssentialFeed */,
				260247982A82D91D007EA7BB /* EssentialFeedTests */,
				26B8EADC2A95423400B6AABD /* EssentialFeedAPIEndToEndTests */,
			);
		};
/* End PBXProject section */

/* Begin PBXResourcesBuildPhase section */
		260247862A82D919007EA7BB /* Resources */ = {
			isa = PBXResourcesBuildPhase;
			buildActionMask = 2147483647;
			files = (
				260247942A82D91C007EA7BB /* Preview Assets.xcassets in Resources */,
				260247902A82D91C007EA7BB /* Assets.xcassets in Resources */,
			);
			runOnlyForDeploymentPostprocessing = 0;
		};
		260247972A82D91D007EA7BB /* Resources */ = {
			isa = PBXResourcesBuildPhase;
			buildActionMask = 2147483647;
			files = (
			);
			runOnlyForDeploymentPostprocessing = 0;
		};
		26B8EADB2A95423400B6AABD /* Resources */ = {
			isa = PBXResourcesBuildPhase;
			buildActionMask = 2147483647;
			files = (
			);
			runOnlyForDeploymentPostprocessing = 0;
		};
/* End PBXResourcesBuildPhase section */

/* Begin PBXSourcesBuildPhase section */
		260247842A82D919007EA7BB /* Sources */ = {
			isa = PBXSourcesBuildPhase;
			buildActionMask = 2147483647;
			files = (
				2602478E2A82D91A007EA7BB /* ContentView.swift in Sources */,
				2602478C2A82D91A007EA7BB /* EssentialFeedApp.swift in Sources */,
				268FDEC22A8C1D670057C976 /* HTTPClient.swift in Sources */,
				26A2F96A2A95383E0080869E /* URLSessionHTTPClient.swift in Sources */,
				268FDEC42A8C1DE30057C976 /* FeedItemsMapper.swift in Sources */,
				26C66B372A82DCE20094F0FF /* FeedLoader.swift in Sources */,
				26C66B3C2A82EBC40094F0FF /* RemoteFeedLoader.swift in Sources */,
				26C66B352A82DC940094F0FF /* FeedItem.swift in Sources */,
			);
			runOnlyForDeploymentPostprocessing = 0;
		};
		260247952A82D91D007EA7BB /* Sources */ = {
			isa = PBXSourcesBuildPhase;
			buildActionMask = 2147483647;
			files = (
				26C66B392A82DDFE0094F0FF /* RemoteFeedLoaderTests.swift in Sources */,
				268A28812A92694C008958B3 /* URLSessionHTTPClientTests.swift in Sources */,
				262C0C532A93FC71003EE393 /* XCTestCase+MemoryLeakTracking.swift in Sources */,
			);
			runOnlyForDeploymentPostprocessing = 0;
		};
		26B8EAD92A95423400B6AABD /* Sources */ = {
			isa = PBXSourcesBuildPhase;
			buildActionMask = 2147483647;
			files = (
				26B8EAE02A95423400B6AABD /* EssentialFeedAPIEndToEndTests.swift in Sources */,
			);
			runOnlyForDeploymentPostprocessing = 0;
		};
/* End PBXSourcesBuildPhase section */

/* Begin PBXTargetDependency section */
		2602479B2A82D91D007EA7BB /* PBXTargetDependency */ = {
			isa = PBXTargetDependency;
			target = 260247872A82D919007EA7BB /* EssentialFeed */;
			targetProxy = 2602479A2A82D91D007EA7BB /* PBXContainerItemProxy */;
		};
		26B8EAE22A95423400B6AABD /* PBXTargetDependency */ = {
			isa = PBXTargetDependency;
			target = 260247872A82D919007EA7BB /* EssentialFeed */;
			targetProxy = 26B8EAE12A95423400B6AABD /* PBXContainerItemProxy */;
		};
/* End PBXTargetDependency section */

/* Begin XCBuildConfiguration section */
		260247AB2A82D91D007EA7BB /* Debug */ = {
			isa = XCBuildConfiguration;
			buildSettings = {
				ALWAYS_SEARCH_USER_PATHS = NO;
				CLANG_ANALYZER_NONNULL = YES;
				CLANG_ANALYZER_NUMBER_OBJECT_CONVERSION = YES_AGGRESSIVE;
				CLANG_CXX_LANGUAGE_STANDARD = "gnu++20";
				CLANG_ENABLE_MODULES = YES;
				CLANG_ENABLE_OBJC_ARC = YES;
				CLANG_ENABLE_OBJC_WEAK = YES;
				CLANG_WARN_BLOCK_CAPTURE_AUTORELEASING = YES;
				CLANG_WARN_BOOL_CONVERSION = YES;
				CLANG_WARN_COMMA = YES;
				CLANG_WARN_CONSTANT_CONVERSION = YES;
				CLANG_WARN_DEPRECATED_OBJC_IMPLEMENTATIONS = YES;
				CLANG_WARN_DIRECT_OBJC_ISA_USAGE = YES_ERROR;
				CLANG_WARN_DOCUMENTATION_COMMENTS = YES;
				CLANG_WARN_EMPTY_BODY = YES;
				CLANG_WARN_ENUM_CONVERSION = YES;
				CLANG_WARN_INFINITE_RECURSION = YES;
				CLANG_WARN_INT_CONVERSION = YES;
				CLANG_WARN_NON_LITERAL_NULL_CONVERSION = YES;
				CLANG_WARN_OBJC_IMPLICIT_RETAIN_SELF = YES;
				CLANG_WARN_OBJC_LITERAL_CONVERSION = YES;
				CLANG_WARN_OBJC_ROOT_CLASS = YES_ERROR;
				CLANG_WARN_QUOTED_INCLUDE_IN_FRAMEWORK_HEADER = YES;
				CLANG_WARN_RANGE_LOOP_ANALYSIS = YES;
				CLANG_WARN_STRICT_PROTOTYPES = YES;
				CLANG_WARN_SUSPICIOUS_MOVE = YES;
				CLANG_WARN_UNGUARDED_AVAILABILITY = YES_AGGRESSIVE;
				CLANG_WARN_UNREACHABLE_CODE = YES;
				CLANG_WARN__DUPLICATE_METHOD_MATCH = YES;
				COPY_PHASE_STRIP = NO;
				DEBUG_INFORMATION_FORMAT = dwarf;
				ENABLE_STRICT_OBJC_MSGSEND = YES;
				ENABLE_TESTABILITY = YES;
				GCC_C_LANGUAGE_STANDARD = gnu11;
				GCC_DYNAMIC_NO_PIC = NO;
				GCC_NO_COMMON_BLOCKS = YES;
				GCC_OPTIMIZATION_LEVEL = 0;
				GCC_PREPROCESSOR_DEFINITIONS = (
					"DEBUG=1",
					"$(inherited)",
				);
				GCC_WARN_64_TO_32_BIT_CONVERSION = YES;
				GCC_WARN_ABOUT_RETURN_TYPE = YES_ERROR;
				GCC_WARN_UNDECLARED_SELECTOR = YES;
				GCC_WARN_UNINITIALIZED_AUTOS = YES_AGGRESSIVE;
				GCC_WARN_UNUSED_FUNCTION = YES;
				GCC_WARN_UNUSED_VARIABLE = YES;
				MTL_ENABLE_DEBUG_INFO = INCLUDE_SOURCE;
				MTL_FAST_MATH = YES;
				ONLY_ACTIVE_ARCH = YES;
				SWIFT_ACTIVE_COMPILATION_CONDITIONS = DEBUG;
				SWIFT_OPTIMIZATION_LEVEL = "-Onone";
			};
			name = Debug;
		};
		260247AC2A82D91D007EA7BB /* Release */ = {
			isa = XCBuildConfiguration;
			buildSettings = {
				ALWAYS_SEARCH_USER_PATHS = NO;
				CLANG_ANALYZER_NONNULL = YES;
				CLANG_ANALYZER_NUMBER_OBJECT_CONVERSION = YES_AGGRESSIVE;
				CLANG_CXX_LANGUAGE_STANDARD = "gnu++20";
				CLANG_ENABLE_MODULES = YES;
				CLANG_ENABLE_OBJC_ARC = YES;
				CLANG_ENABLE_OBJC_WEAK = YES;
				CLANG_WARN_BLOCK_CAPTURE_AUTORELEASING = YES;
				CLANG_WARN_BOOL_CONVERSION = YES;
				CLANG_WARN_COMMA = YES;
				CLANG_WARN_CONSTANT_CONVERSION = YES;
				CLANG_WARN_DEPRECATED_OBJC_IMPLEMENTATIONS = YES;
				CLANG_WARN_DIRECT_OBJC_ISA_USAGE = YES_ERROR;
				CLANG_WARN_DOCUMENTATION_COMMENTS = YES;
				CLANG_WARN_EMPTY_BODY = YES;
				CLANG_WARN_ENUM_CONVERSION = YES;
				CLANG_WARN_INFINITE_RECURSION = YES;
				CLANG_WARN_INT_CONVERSION = YES;
				CLANG_WARN_NON_LITERAL_NULL_CONVERSION = YES;
				CLANG_WARN_OBJC_IMPLICIT_RETAIN_SELF = YES;
				CLANG_WARN_OBJC_LITERAL_CONVERSION = YES;
				CLANG_WARN_OBJC_ROOT_CLASS = YES_ERROR;
				CLANG_WARN_QUOTED_INCLUDE_IN_FRAMEWORK_HEADER = YES;
				CLANG_WARN_RANGE_LOOP_ANALYSIS = YES;
				CLANG_WARN_STRICT_PROTOTYPES = YES;
				CLANG_WARN_SUSPICIOUS_MOVE = YES;
				CLANG_WARN_UNGUARDED_AVAILABILITY = YES_AGGRESSIVE;
				CLANG_WARN_UNREACHABLE_CODE = YES;
				CLANG_WARN__DUPLICATE_METHOD_MATCH = YES;
				COPY_PHASE_STRIP = NO;
				DEBUG_INFORMATION_FORMAT = "dwarf-with-dsym";
				ENABLE_NS_ASSERTIONS = NO;
				ENABLE_STRICT_OBJC_MSGSEND = YES;
				GCC_C_LANGUAGE_STANDARD = gnu11;
				GCC_NO_COMMON_BLOCKS = YES;
				GCC_WARN_64_TO_32_BIT_CONVERSION = YES;
				GCC_WARN_ABOUT_RETURN_TYPE = YES_ERROR;
				GCC_WARN_UNDECLARED_SELECTOR = YES;
				GCC_WARN_UNINITIALIZED_AUTOS = YES_AGGRESSIVE;
				GCC_WARN_UNUSED_FUNCTION = YES;
				GCC_WARN_UNUSED_VARIABLE = YES;
				MTL_ENABLE_DEBUG_INFO = NO;
				MTL_FAST_MATH = YES;
				SWIFT_COMPILATION_MODE = wholemodule;
				SWIFT_OPTIMIZATION_LEVEL = "-O";
			};
			name = Release;
		};
		260247AE2A82D91D007EA7BB /* Debug */ = {
			isa = XCBuildConfiguration;
			buildSettings = {
				ASSETCATALOG_COMPILER_APPICON_NAME = AppIcon;
				ASSETCATALOG_COMPILER_GLOBAL_ACCENT_COLOR_NAME = AccentColor;
				CODE_SIGN_ENTITLEMENTS = EssentialFeed/EssentialFeed.entitlements;
				CODE_SIGN_STYLE = Automatic;
				CURRENT_PROJECT_VERSION = 1;
				DEVELOPMENT_ASSET_PATHS = "\"EssentialFeed/Preview Content\"";
				DEVELOPMENT_TEAM = X99TQ2F9ZS;
				ENABLE_HARDENED_RUNTIME = YES;
				ENABLE_PREVIEWS = YES;
				GENERATE_INFOPLIST_FILE = YES;
				INFOPLIST_FILE = EssentialFeed/Info.plist;
				"INFOPLIST_KEY_UIApplicationSceneManifest_Generation[sdk=iphoneos*]" = YES;
				"INFOPLIST_KEY_UIApplicationSceneManifest_Generation[sdk=iphonesimulator*]" = YES;
				"INFOPLIST_KEY_UIApplicationSupportsIndirectInputEvents[sdk=iphoneos*]" = YES;
				"INFOPLIST_KEY_UIApplicationSupportsIndirectInputEvents[sdk=iphonesimulator*]" = YES;
				"INFOPLIST_KEY_UILaunchScreen_Generation[sdk=iphoneos*]" = YES;
				"INFOPLIST_KEY_UILaunchScreen_Generation[sdk=iphonesimulator*]" = YES;
				"INFOPLIST_KEY_UIStatusBarStyle[sdk=iphoneos*]" = UIStatusBarStyleDefault;
				"INFOPLIST_KEY_UIStatusBarStyle[sdk=iphonesimulator*]" = UIStatusBarStyleDefault;
				INFOPLIST_KEY_UISupportedInterfaceOrientations_iPad = "UIInterfaceOrientationPortrait UIInterfaceOrientationPortraitUpsideDown UIInterfaceOrientationLandscapeLeft UIInterfaceOrientationLandscapeRight";
				INFOPLIST_KEY_UISupportedInterfaceOrientations_iPhone = "UIInterfaceOrientationPortrait UIInterfaceOrientationLandscapeLeft UIInterfaceOrientationLandscapeRight";
				IPHONEOS_DEPLOYMENT_TARGET = 16.2;
				LD_RUNPATH_SEARCH_PATHS = "@executable_path/Frameworks";
				"LD_RUNPATH_SEARCH_PATHS[sdk=macosx*]" = "@executable_path/../Frameworks";
				MACOSX_DEPLOYMENT_TARGET = 12.6;
				MARKETING_VERSION = 1.0;
				PRODUCT_BUNDLE_IDENTIFIER = dominique.bezerra.EssentialFeed;
				PRODUCT_NAME = "$(TARGET_NAME)";
				SDKROOT = auto;
				SUPPORTED_PLATFORMS = "iphoneos iphonesimulator macosx";
				SWIFT_EMIT_LOC_STRINGS = YES;
				SWIFT_VERSION = 5.0;
				TARGETED_DEVICE_FAMILY = "1,2";
			};
			name = Debug;
		};
		260247AF2A82D91D007EA7BB /* Release */ = {
			isa = XCBuildConfiguration;
			buildSettings = {
				ASSETCATALOG_COMPILER_APPICON_NAME = AppIcon;
				ASSETCATALOG_COMPILER_GLOBAL_ACCENT_COLOR_NAME = AccentColor;
				CODE_SIGN_ENTITLEMENTS = EssentialFeed/EssentialFeed.entitlements;
				CODE_SIGN_STYLE = Automatic;
				CURRENT_PROJECT_VERSION = 1;
				DEVELOPMENT_ASSET_PATHS = "\"EssentialFeed/Preview Content\"";
				DEVELOPMENT_TEAM = X99TQ2F9ZS;
				ENABLE_HARDENED_RUNTIME = YES;
				ENABLE_PREVIEWS = YES;
				GENERATE_INFOPLIST_FILE = YES;
				INFOPLIST_FILE = EssentialFeed/Info.plist;
				"INFOPLIST_KEY_UIApplicationSceneManifest_Generation[sdk=iphoneos*]" = YES;
				"INFOPLIST_KEY_UIApplicationSceneManifest_Generation[sdk=iphonesimulator*]" = YES;
				"INFOPLIST_KEY_UIApplicationSupportsIndirectInputEvents[sdk=iphoneos*]" = YES;
				"INFOPLIST_KEY_UIApplicationSupportsIndirectInputEvents[sdk=iphonesimulator*]" = YES;
				"INFOPLIST_KEY_UILaunchScreen_Generation[sdk=iphoneos*]" = YES;
				"INFOPLIST_KEY_UILaunchScreen_Generation[sdk=iphonesimulator*]" = YES;
				"INFOPLIST_KEY_UIStatusBarStyle[sdk=iphoneos*]" = UIStatusBarStyleDefault;
				"INFOPLIST_KEY_UIStatusBarStyle[sdk=iphonesimulator*]" = UIStatusBarStyleDefault;
				INFOPLIST_KEY_UISupportedInterfaceOrientations_iPad = "UIInterfaceOrientationPortrait UIInterfaceOrientationPortraitUpsideDown UIInterfaceOrientationLandscapeLeft UIInterfaceOrientationLandscapeRight";
				INFOPLIST_KEY_UISupportedInterfaceOrientations_iPhone = "UIInterfaceOrientationPortrait UIInterfaceOrientationLandscapeLeft UIInterfaceOrientationLandscapeRight";
				IPHONEOS_DEPLOYMENT_TARGET = 16.2;
				LD_RUNPATH_SEARCH_PATHS = "@executable_path/Frameworks";
				"LD_RUNPATH_SEARCH_PATHS[sdk=macosx*]" = "@executable_path/../Frameworks";
				MACOSX_DEPLOYMENT_TARGET = 12.6;
				MARKETING_VERSION = 1.0;
				PRODUCT_BUNDLE_IDENTIFIER = dominique.bezerra.EssentialFeed;
				PRODUCT_NAME = "$(TARGET_NAME)";
				SDKROOT = auto;
				SUPPORTED_PLATFORMS = "iphoneos iphonesimulator macosx";
				SWIFT_EMIT_LOC_STRINGS = YES;
				SWIFT_VERSION = 5.0;
				TARGETED_DEVICE_FAMILY = "1,2";
			};
			name = Release;
		};
		260247B12A82D91D007EA7BB /* Debug */ = {
			isa = XCBuildConfiguration;
			buildSettings = {
				ALWAYS_EMBED_SWIFT_STANDARD_LIBRARIES = YES;
				BUNDLE_LOADER = "$(TEST_HOST)";
				CODE_SIGN_STYLE = Automatic;
				CURRENT_PROJECT_VERSION = 1;
				DEVELOPMENT_TEAM = X99TQ2F9ZS;
				GENERATE_INFOPLIST_FILE = YES;
				IPHONEOS_DEPLOYMENT_TARGET = 16.2;
				MACOSX_DEPLOYMENT_TARGET = 12.6;
				MARKETING_VERSION = 1.0;
				PRODUCT_BUNDLE_IDENTIFIER = dominique.bezerra.EssentialFeedTests;
				PRODUCT_NAME = "$(TARGET_NAME)";
				SDKROOT = auto;
				SUPPORTED_PLATFORMS = "iphoneos iphonesimulator macosx";
				SWIFT_EMIT_LOC_STRINGS = NO;
				SWIFT_VERSION = 5.0;
				TARGETED_DEVICE_FAMILY = "1,2";
				TEST_HOST = "$(BUILT_PRODUCTS_DIR)/EssentialFeed.app/$(BUNDLE_EXECUTABLE_FOLDER_PATH)/EssentialFeed";
			};
			name = Debug;
		};
		260247B22A82D91D007EA7BB /* Release */ = {
			isa = XCBuildConfiguration;
			buildSettings = {
				ALWAYS_EMBED_SWIFT_STANDARD_LIBRARIES = YES;
				BUNDLE_LOADER = "$(TEST_HOST)";
				CODE_SIGN_STYLE = Automatic;
				CURRENT_PROJECT_VERSION = 1;
				DEVELOPMENT_TEAM = X99TQ2F9ZS;
				GENERATE_INFOPLIST_FILE = YES;
				IPHONEOS_DEPLOYMENT_TARGET = 16.2;
				MACOSX_DEPLOYMENT_TARGET = 12.6;
				MARKETING_VERSION = 1.0;
				PRODUCT_BUNDLE_IDENTIFIER = dominique.bezerra.EssentialFeedTests;
				PRODUCT_NAME = "$(TARGET_NAME)";
				SDKROOT = auto;
				SUPPORTED_PLATFORMS = "iphoneos iphonesimulator macosx";
				SWIFT_EMIT_LOC_STRINGS = NO;
				SWIFT_VERSION = 5.0;
				TARGETED_DEVICE_FAMILY = "1,2";
				TEST_HOST = "$(BUILT_PRODUCTS_DIR)/EssentialFeed.app/$(BUNDLE_EXECUTABLE_FOLDER_PATH)/EssentialFeed";
			};
			name = Release;
		};
		26B8EAE42A95423400B6AABD /* Debug */ = {
			isa = XCBuildConfiguration;
			buildSettings = {
				BUNDLE_LOADER = "$(TEST_HOST)";
				CODE_SIGN_STYLE = Automatic;
				CURRENT_PROJECT_VERSION = 1;
				DEVELOPMENT_TEAM = X99TQ2F9ZS;
				GENERATE_INFOPLIST_FILE = YES;
				INFOPLIST_FILE = EssentialFeedAPIEndToEndTests/Info.plist;
				INFOPLIST_KEY_LSApplicationCategoryType = "";
				MACOSX_DEPLOYMENT_TARGET = 12.6;
				MARKETING_VERSION = 1.0;
				PRODUCT_BUNDLE_IDENTIFIER = dominique.bezerra.EssentialFeedAPIEndToEndTests;
				PRODUCT_NAME = "$(TARGET_NAME)";
				SDKROOT = macosx;
				SWIFT_EMIT_LOC_STRINGS = NO;
				SWIFT_VERSION = 5.0;
				TEST_HOST = "$(BUILT_PRODUCTS_DIR)/EssentialFeed.app/$(BUNDLE_EXECUTABLE_FOLDER_PATH)/EssentialFeed";
			};
			name = Debug;
		};
		26B8EAE52A95423400B6AABD /* Release */ = {
			isa = XCBuildConfiguration;
			buildSettings = {
				BUNDLE_LOADER = "$(TEST_HOST)";
				CODE_SIGN_STYLE = Automatic;
				CURRENT_PROJECT_VERSION = 1;
				DEVELOPMENT_TEAM = X99TQ2F9ZS;
				GENERATE_INFOPLIST_FILE = YES;
				INFOPLIST_FILE = EssentialFeedAPIEndToEndTests/Info.plist;
				INFOPLIST_KEY_LSApplicationCategoryType = "";
				MACOSX_DEPLOYMENT_TARGET = 12.6;
				MARKETING_VERSION = 1.0;
				PRODUCT_BUNDLE_IDENTIFIER = dominique.bezerra.EssentialFeedAPIEndToEndTests;
				PRODUCT_NAME = "$(TARGET_NAME)";
				SDKROOT = macosx;
				SWIFT_EMIT_LOC_STRINGS = NO;
				SWIFT_VERSION = 5.0;
				TEST_HOST = "$(BUILT_PRODUCTS_DIR)/EssentialFeed.app/$(BUNDLE_EXECUTABLE_FOLDER_PATH)/EssentialFeed";
			};
			name = Release;
		};
/* End XCBuildConfiguration section */

/* Begin XCConfigurationList section */
		260247832A82D919007EA7BB /* Build configuration list for PBXProject "EssentialFeed" */ = {
			isa = XCConfigurationList;
			buildConfigurations = (
				260247AB2A82D91D007EA7BB /* Debug */,
				260247AC2A82D91D007EA7BB /* Release */,
			);
			defaultConfigurationIsVisible = 0;
			defaultConfigurationName = Release;
		};
		260247AD2A82D91D007EA7BB /* Build configuration list for PBXNativeTarget "EssentialFeed" */ = {
			isa = XCConfigurationList;
			buildConfigurations = (
				260247AE2A82D91D007EA7BB /* Debug */,
				260247AF2A82D91D007EA7BB /* Release */,
			);
			defaultConfigurationIsVisible = 0;
			defaultConfigurationName = Release;
		};
		260247B02A82D91D007EA7BB /* Build configuration list for PBXNativeTarget "EssentialFeedTests" */ = {
			isa = XCConfigurationList;
			buildConfigurations = (
				260247B12A82D91D007EA7BB /* Debug */,
				260247B22A82D91D007EA7BB /* Release */,
			);
			defaultConfigurationIsVisible = 0;
			defaultConfigurationName = Release;
		};
		26B8EAE32A95423400B6AABD /* Build configuration list for PBXNativeTarget "EssentialFeedAPIEndToEndTests" */ = {
			isa = XCConfigurationList;
			buildConfigurations = (
				26B8EAE42A95423400B6AABD /* Debug */,
				26B8EAE52A95423400B6AABD /* Release */,
			);
			defaultConfigurationIsVisible = 0;
			defaultConfigurationName = Release;
		};
/* End XCConfigurationList section */
	};
	rootObject = 260247802A82D919007EA7BB /* Project object */;
}
